
Microsoft Visual Studio Solution File, Format Version 12.00
# Visual Studio Version 17
VisualStudioVersion = 17.14.36221.1 d17.14
MinimumVisualStudioVersion = 10.0.40219.1
Project("{FAE04EC0-301F-11D3-BF4B-00C04F79EFBC}") = "Assignment_5.3.2", "Assignment_5.3.2.csproj", "{A44AEF02-2544-4A0F-A912-8D866747B4BB}"
EndProject
Global
	GlobalSection(SolutionConfigurationPlatforms) = preSolution
		Debug|Any CPU = Debug|Any CPU
		Release|Any CPU = Release|Any CPU
	EndGlobalSection
	GlobalSection(ProjectConfigurationPlatforms) = postSolution
		{A44AEF02-2544-4A0F-A912-8D866747B4BB}.Debug|Any CPU.ActiveCfg = Debug|Any CPU
		{A44AEF02-2544-4A0F-A912-8D866747B4BB}.Debug|Any CPU.Build.0 = Debug|Any CPU
		{A44AEF02-2544-4A0F-A912-8D866747B4BB}.Release|Any CPU.ActiveCfg = Release|Any CPU
		{A44AEF02-2544-4A0F-A912-8D866747B4BB}.Release|Any CPU.Build.0 = Release|Any CPU
	EndGlobalSection
	GlobalSection(SolutionProperties) = preSolution
		HideSolutionNode = FALSE
	EndGlobalSection
	GlobalSection(ExtensibilityGlobals) = postSolution
		SolutionGuid = {206D5B76-0DEF-4A55-821B-72FB9B115B81}
	EndGlobalSection
EndGlobal
